{
	"name": "@uploadcare/elements",
	"version": "0.0.4",
	"lockfileVersion": 2,
	"requires": true,
	"packages": {
		"": {
			"name": "@uploadcare/elements",
			"version": "0.0.4",
			"license": "MIT",
			"dependencies": {
				"@symbiotejs/symbiote": "^1.5.1"
			}
		},
		"node_modules/@symbiotejs/symbiote": {
			"version": "1.5.1",
			"resolved": "https://registry.npmjs.org/@symbiotejs/symbiote/-/symbiote-1.5.1.tgz",
			"integrity": "sha512-AKZPzGdMwmt+AMAvb/25O4AJ7HITRH4DASjsVaSR/NbGEaHUon5+XiR2TUZl/FaZqUtgtdJ24vC6wZi6dRllOQ=="
		}
	},
	"dependencies": {
		"@symbiotejs/symbiote": {
			"version": "1.5.1",
			"resolved": "https://registry.npmjs.org/@symbiotejs/symbiote/-/symbiote-1.5.1.tgz",
			"integrity": "sha512-AKZPzGdMwmt+AMAvb/25O4AJ7HITRH4DASjsVaSR/NbGEaHUon5+XiR2TUZl/FaZqUtgtdJ24vC6wZi6dRllOQ=="
		}
	}
}
