{
  "name": "upload-blocks",
  "version": "0.0.2",
  "lockfileVersion": 1,
  "requires": true,
  "dependencies": {
    "esbuild": {
      "version": "0.11.11",
      "resolved": "https://registry.npmjs.org/esbuild/-/esbuild-0.11.11.tgz",
      "integrity": "sha512-iq5YdV63vY/nUAFIvY92BXVkYjMbOchnofLKoLKMPZIa4uuIJAJG9WRA+ZRjQBZbrsORUwvZcANeG2d3p46PJQ==",
      "dev": true
    }
  }
}
