{
  "name": "@uploadcare/upload-blocks",
  "version": "0.0.1-alpha.0",
  "lockfileVersion": 2,
  "requires": true,
  "packages": {
    "": {
      "name": "@uploadcare/upload-blocks",
      "version": "0.0.1-alpha.0",
      "license": "MIT",
      "devDependencies": {
        "esbuild": "^0.11.11"
      }
    },
    "node_modules/esbuild": {
      "version": "0.11.11",
      "resolved": "https://registry.npmjs.org/esbuild/-/esbuild-0.11.11.tgz",
      "integrity": "sha512-iq5YdV63vY/nUAFIvY92BXVkYjMbOchnofLKoLKMPZIa4uuIJAJG9WRA+ZRjQBZbrsORUwvZcANeG2d3p46PJQ==",
      "dev": true,
      "hasInstallScript": true,
      "bin": {
        "esbuild": "bin/esbuild"
      }
    }
  },
  "dependencies": {
    "esbuild": {
      "version": "0.11.11",
      "resolved": "https://registry.npmjs.org/esbuild/-/esbuild-0.11.11.tgz",
      "integrity": "sha512-iq5YdV63vY/nUAFIvY92BXVkYjMbOchnofLKoLKMPZIa4uuIJAJG9WRA+ZRjQBZbrsORUwvZcANeG2d3p46PJQ==",
      "dev": true
    }
  }
}
